Microsoft Visual Studio Solution File, Format Version 8.00
Project("{8BC9CEB8-8B4A-11D0-8D11-00A0C91BC942}") = "oil-gdi+", "oil-gdi+.vcproj", "{207229CE-AECA-48BE-A076-1A8A361F5DA4}"
	ProjectSection(ProjectDependencies) = postProject
		{C118539F-252D-4452-981C-640F6D4901D4} = {C118539F-252D-4452-981C-640F6D4901D4}
	EndProjectSection
EndProject
Project("{8BC9CEB8-8B4A-11D0-8D11-00A0C91BC942}") = "aml-avformat", "oml-avformat.vcproj", "{122C973D-05ED-4D4D-AE93-8EB4EBC411AA}"
	ProjectSection(ProjectDependencies) = postProject
		{C118539F-252D-4452-981C-640F6D4901D4} = {C118539F-252D-4452-981C-640F6D4901D4}
	EndProjectSection
EndProject
Project("{8BC9CEB8-8B4A-11D0-8D11-00A0C91BC942}") = "aml-gensys", "oml-gensys.vcproj", "{F45B49CD-4D0C-48B2-B026-6ABF869820FF}"
	ProjectSection(ProjectDependencies) = postProject
		{C118539F-252D-4452-981C-640F6D4901D4} = {C118539F-252D-4452-981C-640F6D4901D4}
	EndProjectSection
EndProject
Project("{8BC9CEB8-8B4A-11D0-8D11-00A0C91BC942}") = "aml-sdl", "oml-sdl.vcproj", "{1FEB299A-9F7F-4FA0-8B5B-482678444CAE}"
	ProjectSection(ProjectDependencies) = postProject
		{C118539F-252D-4452-981C-640F6D4901D4} = {C118539F-252D-4452-981C-640F6D4901D4}
	EndProjectSection
EndProject
Project("{8BC9CEB8-8B4A-11D0-8D11-00A0C91BC942}") = "open_image_library", "open_image_library.vcproj", "{AE913E51-20A3-45B9-9DFA-0F23F4CAF10F}"
	ProjectSection(ProjectDependencies) = postProject
		{E72D69FE-A928-45DC-B551-E293AE243A60} = {E72D69FE-A928-45DC-B551-E293AE243A60}
	EndProjectSection
EndProject
Project("{8BC9CEB8-8B4A-11D0-8D11-00A0C91BC942}") = "open_media_library", "open_media_library.vcproj", "{C118539F-252D-4452-981C-640F6D4901D4}"
	ProjectSection(ProjectDependencies) = postProject
		{AE913E51-20A3-45B9-9DFA-0F23F4CAF10F} = {AE913E51-20A3-45B9-9DFA-0F23F4CAF10F}
	EndProjectSection
EndProject
Project("{8BC9CEB8-8B4A-11D0-8D11-00A0C91BC942}") = "open_plugin_library", "open_plugin_library.vcproj", "{E72D69FE-A928-45DC-B551-E293AE243A60}"
	ProjectSection(ProjectDependencies) = postProject
		{FDA19F09-CFD4-4446-9537-5C01FC966253} = {FDA19F09-CFD4-4446-9537-5C01FC966253}
	EndProjectSection
EndProject
Project("{8BC9CEB8-8B4A-11D0-8D11-00A0C91BC942}") = "open_core_library", "open_core_library.vcproj", "{FDA19F09-CFD4-4446-9537-5C01FC966253}"
	ProjectSection(ProjectDependencies) = postProject
	EndProjectSection
EndProject
Project("{8BC9CEB8-8B4A-11D0-8D11-00A0C91BC942}") = "open_core_library_unit_tests", "open_core_library_unit_tests.vcproj", "{F6A5C4A0-13A3-4636-A59B-5372634FDC3B}"
	ProjectSection(ProjectDependencies) = postProject
		{FDA19F09-CFD4-4446-9537-5C01FC966253} = {FDA19F09-CFD4-4446-9537-5C01FC966253}
		{0CEC8D63-B1A3-4EF0-BBF5-4A913DC91C6B} = {0CEC8D63-B1A3-4EF0-BBF5-4A913DC91C6B}
	EndProjectSection
EndProject
Project("{8BC9CEB8-8B4A-11D0-8D11-00A0C91BC942}") = "open_core_library_plugin_test_assembly", "plugin_test_assembly.vcproj", "{0CEC8D63-B1A3-4EF0-BBF5-4A913DC91C6B}"
	ProjectSection(ProjectDependencies) = postProject
		{FDA19F09-CFD4-4446-9537-5C01FC966253} = {FDA19F09-CFD4-4446-9537-5C01FC966253}
	EndProjectSection
EndProject
Global
	GlobalSection(SolutionConfiguration) = preSolution
		Debug = Debug
		Multi-threaded Debug DLL = Multi-threaded Debug DLL
		Multi-threaded Release DLL = Multi-threaded Release DLL
		Release = Release
	EndGlobalSection
	GlobalSection(ProjectDependencies) = postSolution
	EndGlobalSection
	GlobalSection(ProjectConfiguration) = postSolution
		{207229CE-AECA-48BE-A076-1A8A361F5DA4}.Debug.ActiveCfg = Debug|Win32
		{207229CE-AECA-48BE-A076-1A8A361F5DA4}.Debug.Build.0 = Debug|Win32
		{207229CE-AECA-48BE-A076-1A8A361F5DA4}.Multi-threaded Debug DLL.ActiveCfg = Debug|Win32
		{207229CE-AECA-48BE-A076-1A8A361F5DA4}.Multi-threaded Debug DLL.Build.0 = Debug|Win32
		{207229CE-AECA-48BE-A076-1A8A361F5DA4}.Multi-threaded Release DLL.ActiveCfg = Release|Win32
		{207229CE-AECA-48BE-A076-1A8A361F5DA4}.Multi-threaded Release DLL.Build.0 = Release|Win32
		{207229CE-AECA-48BE-A076-1A8A361F5DA4}.Release.ActiveCfg = Release|Win32
		{207229CE-AECA-48BE-A076-1A8A361F5DA4}.Release.Build.0 = Release|Win32
		{122C973D-05ED-4D4D-AE93-8EB4EBC411AA}.Debug.ActiveCfg = Debug|Win32
		{122C973D-05ED-4D4D-AE93-8EB4EBC411AA}.Debug.Build.0 = Debug|Win32
		{122C973D-05ED-4D4D-AE93-8EB4EBC411AA}.Multi-threaded Debug DLL.ActiveCfg = Debug|Win32
		{122C973D-05ED-4D4D-AE93-8EB4EBC411AA}.Multi-threaded Debug DLL.Build.0 = Debug|Win32
		{122C973D-05ED-4D4D-AE93-8EB4EBC411AA}.Multi-threaded Release DLL.ActiveCfg = Release|Win32
		{122C973D-05ED-4D4D-AE93-8EB4EBC411AA}.Multi-threaded Release DLL.Build.0 = Release|Win32
		{122C973D-05ED-4D4D-AE93-8EB4EBC411AA}.Release.ActiveCfg = Release|Win32
		{122C973D-05ED-4D4D-AE93-8EB4EBC411AA}.Release.Build.0 = Release|Win32
		{F45B49CD-4D0C-48B2-B026-6ABF869820FF}.Debug.ActiveCfg = Debug|Win32
		{F45B49CD-4D0C-48B2-B026-6ABF869820FF}.Debug.Build.0 = Debug|Win32
		{F45B49CD-4D0C-48B2-B026-6ABF869820FF}.Multi-threaded Debug DLL.ActiveCfg = Debug|Win32
		{F45B49CD-4D0C-48B2-B026-6ABF869820FF}.Multi-threaded Debug DLL.Build.0 = Debug|Win32
		{F45B49CD-4D0C-48B2-B026-6ABF869820FF}.Multi-threaded Release DLL.ActiveCfg = Release|Win32
		{F45B49CD-4D0C-48B2-B026-6ABF869820FF}.Multi-threaded Release DLL.Build.0 = Release|Win32
		{F45B49CD-4D0C-48B2-B026-6ABF869820FF}.Release.ActiveCfg = Release|Win32
		{F45B49CD-4D0C-48B2-B026-6ABF869820FF}.Release.Build.0 = Release|Win32
		{1FEB299A-9F7F-4FA0-8B5B-482678444CAE}.Debug.ActiveCfg = Debug|Win32
		{1FEB299A-9F7F-4FA0-8B5B-482678444CAE}.Debug.Build.0 = Debug|Win32
		{1FEB299A-9F7F-4FA0-8B5B-482678444CAE}.Multi-threaded Debug DLL.ActiveCfg = Debug|Win32
		{1FEB299A-9F7F-4FA0-8B5B-482678444CAE}.Multi-threaded Debug DLL.Build.0 = Debug|Win32
		{1FEB299A-9F7F-4FA0-8B5B-482678444CAE}.Multi-threaded Release DLL.ActiveCfg = Release|Win32
		{1FEB299A-9F7F-4FA0-8B5B-482678444CAE}.Multi-threaded Release DLL.Build.0 = Release|Win32
		{1FEB299A-9F7F-4FA0-8B5B-482678444CAE}.Release.ActiveCfg = Release|Win32
		{1FEB299A-9F7F-4FA0-8B5B-482678444CAE}.Release.Build.0 = Release|Win32
		{AE913E51-20A3-45B9-9DFA-0F23F4CAF10F}.Debug.ActiveCfg = Debug|Win32
		{AE913E51-20A3-45B9-9DFA-0F23F4CAF10F}.Debug.Build.0 = Debug|Win32
		{AE913E51-20A3-45B9-9DFA-0F23F4CAF10F}.Multi-threaded Debug DLL.ActiveCfg = Debug|Win32
		{AE913E51-20A3-45B9-9DFA-0F23F4CAF10F}.Multi-threaded Debug DLL.Build.0 = Debug|Win32
		{AE913E51-20A3-45B9-9DFA-0F23F4CAF10F}.Multi-threaded Release DLL.ActiveCfg = Release|Win32
		{AE913E51-20A3-45B9-9DFA-0F23F4CAF10F}.Multi-threaded Release DLL.Build.0 = Release|Win32
		{AE913E51-20A3-45B9-9DFA-0F23F4CAF10F}.Release.ActiveCfg = Release|Win32
		{AE913E51-20A3-45B9-9DFA-0F23F4CAF10F}.Release.Build.0 = Release|Win32
		{C118539F-252D-4452-981C-640F6D4901D4}.Debug.ActiveCfg = Debug|Win32
		{C118539F-252D-4452-981C-640F6D4901D4}.Debug.Build.0 = Debug|Win32
		{C118539F-252D-4452-981C-640F6D4901D4}.Multi-threaded Debug DLL.ActiveCfg = Debug|Win32
		{C118539F-252D-4452-981C-640F6D4901D4}.Multi-threaded Debug DLL.Build.0 = Debug|Win32
		{C118539F-252D-4452-981C-640F6D4901D4}.Multi-threaded Release DLL.ActiveCfg = Release|Win32
		{C118539F-252D-4452-981C-640F6D4901D4}.Multi-threaded Release DLL.Build.0 = Release|Win32
		{C118539F-252D-4452-981C-640F6D4901D4}.Release.ActiveCfg = Release|Win32
		{C118539F-252D-4452-981C-640F6D4901D4}.Release.Build.0 = Release|Win32
		{E72D69FE-A928-45DC-B551-E293AE243A60}.Debug.ActiveCfg = Debug|Win32
		{E72D69FE-A928-45DC-B551-E293AE243A60}.Debug.Build.0 = Debug|Win32
		{E72D69FE-A928-45DC-B551-E293AE243A60}.Multi-threaded Debug DLL.ActiveCfg = Debug|Win32
		{E72D69FE-A928-45DC-B551-E293AE243A60}.Multi-threaded Debug DLL.Build.0 = Debug|Win32
		{E72D69FE-A928-45DC-B551-E293AE243A60}.Multi-threaded Release DLL.ActiveCfg = Release|Win32
		{E72D69FE-A928-45DC-B551-E293AE243A60}.Multi-threaded Release DLL.Build.0 = Release|Win32
		{E72D69FE-A928-45DC-B551-E293AE243A60}.Release.ActiveCfg = Release|Win32
		{E72D69FE-A928-45DC-B551-E293AE243A60}.Release.Build.0 = Release|Win32
		{FDA19F09-CFD4-4446-9537-5C01FC966253}.Debug.ActiveCfg = Debug|Win32
		{FDA19F09-CFD4-4446-9537-5C01FC966253}.Debug.Build.0 = Debug|Win32
		{FDA19F09-CFD4-4446-9537-5C01FC966253}.Multi-threaded Debug DLL.ActiveCfg = Debug|Win32
		{FDA19F09-CFD4-4446-9537-5C01FC966253}.Multi-threaded Debug DLL.Build.0 = Debug|Win32
		{FDA19F09-CFD4-4446-9537-5C01FC966253}.Multi-threaded Release DLL.ActiveCfg = Release|Win32
		{FDA19F09-CFD4-4446-9537-5C01FC966253}.Multi-threaded Release DLL.Build.0 = Release|Win32
		{FDA19F09-CFD4-4446-9537-5C01FC966253}.Release.ActiveCfg = Release|Win32
		{FDA19F09-CFD4-4446-9537-5C01FC966253}.Release.Build.0 = Release|Win32
		{F6A5C4A0-13A3-4636-A59B-5372634FDC3B}.Debug.ActiveCfg = Debug|Win32
		{F6A5C4A0-13A3-4636-A59B-5372634FDC3B}.Debug.Build.0 = Debug|Win32
		{F6A5C4A0-13A3-4636-A59B-5372634FDC3B}.Multi-threaded Debug DLL.ActiveCfg = Debug|Win32
		{F6A5C4A0-13A3-4636-A59B-5372634FDC3B}.Multi-threaded Debug DLL.Build.0 = Debug|Win32
		{F6A5C4A0-13A3-4636-A59B-5372634FDC3B}.Multi-threaded Release DLL.ActiveCfg = Release|Win32
		{F6A5C4A0-13A3-4636-A59B-5372634FDC3B}.Multi-threaded Release DLL.Build.0 = Release|Win32
		{F6A5C4A0-13A3-4636-A59B-5372634FDC3B}.Release.ActiveCfg = Release|Win32
		{F6A5C4A0-13A3-4636-A59B-5372634FDC3B}.Release.Build.0 = Release|Win32
		{0CEC8D63-B1A3-4EF0-BBF5-4A913DC91C6B}.Debug.ActiveCfg = Debug|Win32
		{0CEC8D63-B1A3-4EF0-BBF5-4A913DC91C6B}.Debug.Build.0 = Debug|Win32
		{0CEC8D63-B1A3-4EF0-BBF5-4A913DC91C6B}.Multi-threaded Debug DLL.ActiveCfg = Debug|Win32
		{0CEC8D63-B1A3-4EF0-BBF5-4A913DC91C6B}.Multi-threaded Debug DLL.Build.0 = Debug|Win32
		{0CEC8D63-B1A3-4EF0-BBF5-4A913DC91C6B}.Multi-threaded Release DLL.ActiveCfg = Release|Win32
		{0CEC8D63-B1A3-4EF0-BBF5-4A913DC91C6B}.Multi-threaded Release DLL.Build.0 = Release|Win32
		{0CEC8D63-B1A3-4EF0-BBF5-4A913DC91C6B}.Release.ActiveCfg = Release|Win32
		{0CEC8D63-B1A3-4EF0-BBF5-4A913DC91C6B}.Release.Build.0 = Release|Win32
	EndGlobalSection
	GlobalSection(ExtensibilityGlobals) = postSolution
	EndGlobalSection
	GlobalSection(ExtensibilityAddIns) = postSolution
	EndGlobalSection
EndGlobal
