Microsoft Visual Studio Solution File, Format Version 10.00
# Visual Studio 2008
Project("{8BC9CEB8-8B4A-11D0-8D11-00A0C91BC942}") = "aml-avformat", "oml-avformat_vc9.vcproj", "{122C973D-05ED-4D4D-AE93-8EB4EBC411AA}"
	ProjectSection(ProjectDependencies) = postProject
		{C118539F-252D-4452-981C-640F6D4901D4} = {C118539F-252D-4452-981C-640F6D4901D4}
	EndProjectSection
EndProject
Project("{8BC9CEB8-8B4A-11D0-8D11-00A0C91BC942}") = "aml-gensys", "oml-gensys_vc9.vcproj", "{F45B49CD-4D0C-48B2-B026-6ABF869820FF}"
	ProjectSection(ProjectDependencies) = postProject
		{C118539F-252D-4452-981C-640F6D4901D4} = {C118539F-252D-4452-981C-640F6D4901D4}
	EndProjectSection
EndProject
Project("{8BC9CEB8-8B4A-11D0-8D11-00A0C91BC942}") = "aml-sdl", "oml-sdl_vc9.vcproj", "{1FEB299A-9F7F-4FA0-8B5B-482678444CAE}"
	ProjectSection(ProjectDependencies) = postProject
		{C118539F-252D-4452-981C-640F6D4901D4} = {C118539F-252D-4452-981C-640F6D4901D4}
	EndProjectSection
EndProject
Project("{8BC9CEB8-8B4A-11D0-8D11-00A0C91BC942}") = "open_image_library", "open_image_library_vc9.vcproj", "{AE913E51-20A3-45B9-9DFA-0F23F4CAF10F}"
	ProjectSection(ProjectDependencies) = postProject
		{E72D69FE-A928-45DC-B551-E293AE243A60} = {E72D69FE-A928-45DC-B551-E293AE243A60}
	EndProjectSection
EndProject
Project("{8BC9CEB8-8B4A-11D0-8D11-00A0C91BC942}") = "open_media_library", "open_media_library_vc9.vcproj", "{C118539F-252D-4452-981C-640F6D4901D4}"
	ProjectSection(ProjectDependencies) = postProject
		{AE913E51-20A3-45B9-9DFA-0F23F4CAF10F} = {AE913E51-20A3-45B9-9DFA-0F23F4CAF10F}
	EndProjectSection
EndProject
Project("{8BC9CEB8-8B4A-11D0-8D11-00A0C91BC942}") = "open_plugin_library", "open_plugin_library_vc9.vcproj", "{E72D69FE-A928-45DC-B551-E293AE243A60}"
	ProjectSection(ProjectDependencies) = postProject
		{FDA19F09-CFD4-4446-9537-5C01FC966253} = {FDA19F09-CFD4-4446-9537-5C01FC966253}
	EndProjectSection
EndProject
Project("{8BC9CEB8-8B4A-11D0-8D11-00A0C91BC942}") = "oil-gdi+", "oil-gdi+_vc9.vcproj", "{207229CE-AECA-48BE-A076-1A8A361F5DA4}"
	ProjectSection(ProjectDependencies) = postProject
		{C118539F-252D-4452-981C-640F6D4901D4} = {C118539F-252D-4452-981C-640F6D4901D4}
	EndProjectSection
EndProject
Project("{8BC9CEB8-8B4A-11D0-8D11-00A0C91BC942}") = "open_core_library", "open_core_library_vc9.vcproj", "{FDA19F09-CFD4-4446-9537-5C01FC966253}"
EndProject
Project("{8BC9CEB8-8B4A-11D0-8D11-00A0C91BC942}") = "open_core_library_unit_tests", "open_core_library_unit_tests_vc9.vcproj", "{F6A5C4A0-13A3-4636-A59B-5372634FDC3B}"
	ProjectSection(ProjectDependencies) = postProject
		{FDA19F09-CFD4-4446-9537-5C01FC966253} = {FDA19F09-CFD4-4446-9537-5C01FC966253}
	EndProjectSection
EndProject
Project("{8BC9CEB8-8B4A-11D0-8D11-00A0C91BC942}") = "plugin_test_assembly", "plugin_test_assembly_vc9.vcproj", "{0CEC8D63-B1A3-4EF0-BBF5-4A913DC91C6B}"
	ProjectSection(ProjectDependencies) = postProject
		{FDA19F09-CFD4-4446-9537-5C01FC966253} = {FDA19F09-CFD4-4446-9537-5C01FC966253}
	EndProjectSection
EndProject
Global
	GlobalSection(SolutionConfigurationPlatforms) = preSolution
		Debug|Win32 = Debug|Win32
		Multi-threaded Debug DLL|Win32 = Multi-threaded Debug DLL|Win32
		Multi-threaded Release DLL|Win32 = Multi-threaded Release DLL|Win32
		Release|Win32 = Release|Win32
	EndGlobalSection
	GlobalSection(ProjectConfigurationPlatforms) = postSolution
		{122C973D-05ED-4D4D-AE93-8EB4EBC411AA}.Debug|Win32.ActiveCfg = Debug|Win32
		{122C973D-05ED-4D4D-AE93-8EB4EBC411AA}.Debug|Win32.Build.0 = Debug|Win32
		{122C973D-05ED-4D4D-AE93-8EB4EBC411AA}.Multi-threaded Debug DLL|Win32.ActiveCfg = Debug|Win32
		{122C973D-05ED-4D4D-AE93-8EB4EBC411AA}.Multi-threaded Debug DLL|Win32.Build.0 = Debug|Win32
		{122C973D-05ED-4D4D-AE93-8EB4EBC411AA}.Multi-threaded Release DLL|Win32.ActiveCfg = Release|Win32
		{122C973D-05ED-4D4D-AE93-8EB4EBC411AA}.Multi-threaded Release DLL|Win32.Build.0 = Release|Win32
		{122C973D-05ED-4D4D-AE93-8EB4EBC411AA}.Release|Win32.ActiveCfg = Release|Win32
		{122C973D-05ED-4D4D-AE93-8EB4EBC411AA}.Release|Win32.Build.0 = Release|Win32
		{F45B49CD-4D0C-48B2-B026-6ABF869820FF}.Debug|Win32.ActiveCfg = Debug|Win32
		{F45B49CD-4D0C-48B2-B026-6ABF869820FF}.Debug|Win32.Build.0 = Debug|Win32
		{F45B49CD-4D0C-48B2-B026-6ABF869820FF}.Multi-threaded Debug DLL|Win32.ActiveCfg = Debug|Win32
		{F45B49CD-4D0C-48B2-B026-6ABF869820FF}.Multi-threaded Debug DLL|Win32.Build.0 = Debug|Win32
		{F45B49CD-4D0C-48B2-B026-6ABF869820FF}.Multi-threaded Release DLL|Win32.ActiveCfg = Release|Win32
		{F45B49CD-4D0C-48B2-B026-6ABF869820FF}.Multi-threaded Release DLL|Win32.Build.0 = Release|Win32
		{F45B49CD-4D0C-48B2-B026-6ABF869820FF}.Release|Win32.ActiveCfg = Release|Win32
		{F45B49CD-4D0C-48B2-B026-6ABF869820FF}.Release|Win32.Build.0 = Release|Win32
		{1FEB299A-9F7F-4FA0-8B5B-482678444CAE}.Debug|Win32.ActiveCfg = Debug|Win32
		{1FEB299A-9F7F-4FA0-8B5B-482678444CAE}.Debug|Win32.Build.0 = Debug|Win32
		{1FEB299A-9F7F-4FA0-8B5B-482678444CAE}.Multi-threaded Debug DLL|Win32.ActiveCfg = Debug|Win32
		{1FEB299A-9F7F-4FA0-8B5B-482678444CAE}.Multi-threaded Debug DLL|Win32.Build.0 = Debug|Win32
		{1FEB299A-9F7F-4FA0-8B5B-482678444CAE}.Multi-threaded Release DLL|Win32.ActiveCfg = Release|Win32
		{1FEB299A-9F7F-4FA0-8B5B-482678444CAE}.Multi-threaded Release DLL|Win32.Build.0 = Release|Win32
		{1FEB299A-9F7F-4FA0-8B5B-482678444CAE}.Release|Win32.ActiveCfg = Release|Win32
		{1FEB299A-9F7F-4FA0-8B5B-482678444CAE}.Release|Win32.Build.0 = Release|Win32
		{AE913E51-20A3-45B9-9DFA-0F23F4CAF10F}.Debug|Win32.ActiveCfg = Debug|Win32
		{AE913E51-20A3-45B9-9DFA-0F23F4CAF10F}.Debug|Win32.Build.0 = Debug|Win32
		{AE913E51-20A3-45B9-9DFA-0F23F4CAF10F}.Multi-threaded Debug DLL|Win32.ActiveCfg = Debug|Win32
		{AE913E51-20A3-45B9-9DFA-0F23F4CAF10F}.Multi-threaded Debug DLL|Win32.Build.0 = Debug|Win32
		{AE913E51-20A3-45B9-9DFA-0F23F4CAF10F}.Multi-threaded Release DLL|Win32.ActiveCfg = Release|Win32
		{AE913E51-20A3-45B9-9DFA-0F23F4CAF10F}.Multi-threaded Release DLL|Win32.Build.0 = Release|Win32
		{AE913E51-20A3-45B9-9DFA-0F23F4CAF10F}.Release|Win32.ActiveCfg = Release|Win32
		{AE913E51-20A3-45B9-9DFA-0F23F4CAF10F}.Release|Win32.Build.0 = Release|Win32
		{C118539F-252D-4452-981C-640F6D4901D4}.Debug|Win32.ActiveCfg = Debug|Win32
		{C118539F-252D-4452-981C-640F6D4901D4}.Debug|Win32.Build.0 = Debug|Win32
		{C118539F-252D-4452-981C-640F6D4901D4}.Multi-threaded Debug DLL|Win32.ActiveCfg = Debug|Win32
		{C118539F-252D-4452-981C-640F6D4901D4}.Multi-threaded Debug DLL|Win32.Build.0 = Debug|Win32
		{C118539F-252D-4452-981C-640F6D4901D4}.Multi-threaded Release DLL|Win32.ActiveCfg = Release|Win32
		{C118539F-252D-4452-981C-640F6D4901D4}.Multi-threaded Release DLL|Win32.Build.0 = Release|Win32
		{C118539F-252D-4452-981C-640F6D4901D4}.Release|Win32.ActiveCfg = Release|Win32
		{C118539F-252D-4452-981C-640F6D4901D4}.Release|Win32.Build.0 = Release|Win32
		{E72D69FE-A928-45DC-B551-E293AE243A60}.Debug|Win32.ActiveCfg = Debug|Win32
		{E72D69FE-A928-45DC-B551-E293AE243A60}.Debug|Win32.Build.0 = Debug|Win32
		{E72D69FE-A928-45DC-B551-E293AE243A60}.Multi-threaded Debug DLL|Win32.ActiveCfg = Debug|Win32
		{E72D69FE-A928-45DC-B551-E293AE243A60}.Multi-threaded Debug DLL|Win32.Build.0 = Debug|Win32
		{E72D69FE-A928-45DC-B551-E293AE243A60}.Multi-threaded Release DLL|Win32.ActiveCfg = Release|Win32
		{E72D69FE-A928-45DC-B551-E293AE243A60}.Multi-threaded Release DLL|Win32.Build.0 = Release|Win32
		{E72D69FE-A928-45DC-B551-E293AE243A60}.Release|Win32.ActiveCfg = Release|Win32
		{E72D69FE-A928-45DC-B551-E293AE243A60}.Release|Win32.Build.0 = Release|Win32
		{207229CE-AECA-48BE-A076-1A8A361F5DA4}.Debug|Win32.ActiveCfg = Debug|Win32
		{207229CE-AECA-48BE-A076-1A8A361F5DA4}.Debug|Win32.Build.0 = Debug|Win32
		{207229CE-AECA-48BE-A076-1A8A361F5DA4}.Multi-threaded Debug DLL|Win32.ActiveCfg = Debug|Win32
		{207229CE-AECA-48BE-A076-1A8A361F5DA4}.Multi-threaded Debug DLL|Win32.Build.0 = Debug|Win32
		{207229CE-AECA-48BE-A076-1A8A361F5DA4}.Multi-threaded Release DLL|Win32.ActiveCfg = Release|Win32
		{207229CE-AECA-48BE-A076-1A8A361F5DA4}.Multi-threaded Release DLL|Win32.Build.0 = Release|Win32
		{207229CE-AECA-48BE-A076-1A8A361F5DA4}.Release|Win32.ActiveCfg = Release|Win32
		{207229CE-AECA-48BE-A076-1A8A361F5DA4}.Release|Win32.Build.0 = Release|Win32
		{FDA19F09-CFD4-4446-9537-5C01FC966253}.Debug|Win32.ActiveCfg = Debug|Win32
		{FDA19F09-CFD4-4446-9537-5C01FC966253}.Debug|Win32.Build.0 = Debug|Win32
		{FDA19F09-CFD4-4446-9537-5C01FC966253}.Multi-threaded Debug DLL|Win32.ActiveCfg = Debug|Win32
		{FDA19F09-CFD4-4446-9537-5C01FC966253}.Multi-threaded Debug DLL|Win32.Build.0 = Debug|Win32
		{FDA19F09-CFD4-4446-9537-5C01FC966253}.Multi-threaded Release DLL|Win32.ActiveCfg = Release|Win32
		{FDA19F09-CFD4-4446-9537-5C01FC966253}.Multi-threaded Release DLL|Win32.Build.0 = Release|Win32
		{FDA19F09-CFD4-4446-9537-5C01FC966253}.Release|Win32.ActiveCfg = Release|Win32
		{FDA19F09-CFD4-4446-9537-5C01FC966253}.Release|Win32.Build.0 = Release|Win32
		{F6A5C4A0-13A3-4636-A59B-5372634FDC3B}.Debug|Win32.ActiveCfg = Debug|Win32
		{F6A5C4A0-13A3-4636-A59B-5372634FDC3B}.Debug|Win32.Build.0 = Debug|Win32
		{F6A5C4A0-13A3-4636-A59B-5372634FDC3B}.Multi-threaded Debug DLL|Win32.ActiveCfg = Debug|Win32
		{F6A5C4A0-13A3-4636-A59B-5372634FDC3B}.Multi-threaded Debug DLL|Win32.Build.0 = Debug|Win32
		{F6A5C4A0-13A3-4636-A59B-5372634FDC3B}.Multi-threaded Release DLL|Win32.ActiveCfg = Release|Win32
		{F6A5C4A0-13A3-4636-A59B-5372634FDC3B}.Multi-threaded Release DLL|Win32.Build.0 = Release|Win32
		{F6A5C4A0-13A3-4636-A59B-5372634FDC3B}.Release|Win32.ActiveCfg = Release|Win32
		{F6A5C4A0-13A3-4636-A59B-5372634FDC3B}.Release|Win32.Build.0 = Release|Win32
		{0CEC8D63-B1A3-4EF0-BBF5-4A913DC91C6B}.Debug|Win32.ActiveCfg = Debug|Win32
		{0CEC8D63-B1A3-4EF0-BBF5-4A913DC91C6B}.Debug|Win32.Build.0 = Debug|Win32
		{0CEC8D63-B1A3-4EF0-BBF5-4A913DC91C6B}.Multi-threaded Debug DLL|Win32.ActiveCfg = Debug|Win32
		{0CEC8D63-B1A3-4EF0-BBF5-4A913DC91C6B}.Multi-threaded Debug DLL|Win32.Build.0 = Debug|Win32
		{0CEC8D63-B1A3-4EF0-BBF5-4A913DC91C6B}.Multi-threaded Release DLL|Win32.ActiveCfg = Release|Win32
		{0CEC8D63-B1A3-4EF0-BBF5-4A913DC91C6B}.Multi-threaded Release DLL|Win32.Build.0 = Release|Win32
		{0CEC8D63-B1A3-4EF0-BBF5-4A913DC91C6B}.Release|Win32.ActiveCfg = Release|Win32
		{0CEC8D63-B1A3-4EF0-BBF5-4A913DC91C6B}.Release|Win32.Build.0 = Release|Win32
	EndGlobalSection
	GlobalSection(SolutionProperties) = preSolution
		HideSolutionNode = FALSE
	EndGlobalSection
EndGlobal
